
Microsoft Visual Studio Solution File, Format Version 12.00
# Visual Studio Version 16
VisualStudioVersion = 16.0.30907.101
MinimumVisualStudioVersion = 10.0.40219.1
Project("{2150E333-8FDC-42A3-9474-1A3956D46DE8}") = "BusinessLogicLayer", "BusinessLogicLayer", "{8151C900-F941-4F29-BFFB-09175F8E01F6}"
EndProject
Project("{2150E333-8FDC-42A3-9474-1A3956D46DE8}") = "DataAccessLayer", "DataAccessLayer", "{E0C87CF7-AF38-4263-87DB-FC0C9BAB0FB4}"
EndProject
Project("{2150E333-8FDC-42A3-9474-1A3956D46DE8}") = "PresentationLayer", "PresentationLayer", "{4E6924FF-0894-44D3-8B0A-B182DD75C182}"
EndProject
Project("{2150E333-8FDC-42A3-9474-1A3956D46DE8}") = "Common", "Common", "{03774692-FE0A-4188-A977-29A6317F5EDA}"
EndProject
Project("{9A19103F-16F7-4668-BE54-9A1E7A4F7556}") = "OrderManagement.Model", "OrderManagement.Model\OrderManagement.Model.csproj", "{39A5886B-0B69-4190-8ACE-C3D7A5A46B3C}"
EndProject
Project("{9A19103F-16F7-4668-BE54-9A1E7A4F7556}") = "OrderManagement.IDAL", "OrderManagement.IDAL\OrderManagement.IDAL.csproj", "{564B422F-3960-4D90-8A67-A03FCD9E2196}"
EndProject
Project("{9A19103F-16F7-4668-BE54-9A1E7A4F7556}") = "OrderManagement.DAL", "OrderManagement.DAL\OrderManagement.DAL.csproj", "{5C4F851E-F412-44A5-9F8F-719041D6D466}"
EndProject
Project("{9A19103F-16F7-4668-BE54-9A1E7A4F7556}") = "OrderManagement.BLL", "OrderManagement.BLL\OrderManagement.BLL.csproj", "{2B75F079-83C5-447C-AACE-CF376C11A276}"
EndProject
Project("{9A19103F-16F7-4668-BE54-9A1E7A4F7556}") = "OrderManagement.MVC", "OrderManagement.MVC\OrderManagement.MVC.csproj", "{BD3A28D0-21F7-4378-B0B7-319D7DCE0BA5}"
EndProject
Project("{FAE04EC0-301F-11D3-BF4B-00C04F79EFBC}") = "OrderManagement.ViewModel", "OrderManagement.ViewModel\OrderManagement.ViewModel.csproj", "{12CF87D9-5B66-43FA-81D7-CCD4092DE97B}"
EndProject
Global
	GlobalSection(SolutionConfigurationPlatforms) = preSolution
		Debug|Any CPU = Debug|Any CPU
		Release|Any CPU = Release|Any CPU
	EndGlobalSection
	GlobalSection(ProjectConfigurationPlatforms) = postSolution
		{39A5886B-0B69-4190-8ACE-C3D7A5A46B3C}.Debug|Any CPU.ActiveCfg = Debug|Any CPU
		{39A5886B-0B69-4190-8ACE-C3D7A5A46B3C}.Debug|Any CPU.Build.0 = Debug|Any CPU
		{39A5886B-0B69-4190-8ACE-C3D7A5A46B3C}.Release|Any CPU.ActiveCfg = Release|Any CPU
		{39A5886B-0B69-4190-8ACE-C3D7A5A46B3C}.Release|Any CPU.Build.0 = Release|Any CPU
		{564B422F-3960-4D90-8A67-A03FCD9E2196}.Debug|Any CPU.ActiveCfg = Debug|Any CPU
		{564B422F-3960-4D90-8A67-A03FCD9E2196}.Debug|Any CPU.Build.0 = Debug|Any CPU
		{564B422F-3960-4D90-8A67-A03FCD9E2196}.Release|Any CPU.ActiveCfg = Release|Any CPU
		{564B422F-3960-4D90-8A67-A03FCD9E2196}.Release|Any CPU.Build.0 = Release|Any CPU
		{5C4F851E-F412-44A5-9F8F-719041D6D466}.Debug|Any CPU.ActiveCfg = Debug|Any CPU
		{5C4F851E-F412-44A5-9F8F-719041D6D466}.Debug|Any CPU.Build.0 = Debug|Any CPU
		{5C4F851E-F412-44A5-9F8F-719041D6D466}.Release|Any CPU.ActiveCfg = Release|Any CPU
		{5C4F851E-F412-44A5-9F8F-719041D6D466}.Release|Any CPU.Build.0 = Release|Any CPU
		{2B75F079-83C5-447C-AACE-CF376C11A276}.Debug|Any CPU.ActiveCfg = Debug|Any CPU
		{2B75F079-83C5-447C-AACE-CF376C11A276}.Debug|Any CPU.Build.0 = Debug|Any CPU
		{2B75F079-83C5-447C-AACE-CF376C11A276}.Release|Any CPU.ActiveCfg = Release|Any CPU
		{2B75F079-83C5-447C-AACE-CF376C11A276}.Release|Any CPU.Build.0 = Release|Any CPU
		{BD3A28D0-21F7-4378-B0B7-319D7DCE0BA5}.Debug|Any CPU.ActiveCfg = Debug|Any CPU
		{BD3A28D0-21F7-4378-B0B7-319D7DCE0BA5}.Debug|Any CPU.Build.0 = Debug|Any CPU
		{BD3A28D0-21F7-4378-B0B7-319D7DCE0BA5}.Release|Any CPU.ActiveCfg = Release|Any CPU
		{BD3A28D0-21F7-4378-B0B7-319D7DCE0BA5}.Release|Any CPU.Build.0 = Release|Any CPU
		{12CF87D9-5B66-43FA-81D7-CCD4092DE97B}.Debug|Any CPU.ActiveCfg = Debug|Any CPU
		{12CF87D9-5B66-43FA-81D7-CCD4092DE97B}.Debug|Any CPU.Build.0 = Debug|Any CPU
		{12CF87D9-5B66-43FA-81D7-CCD4092DE97B}.Release|Any CPU.ActiveCfg = Release|Any CPU
		{12CF87D9-5B66-43FA-81D7-CCD4092DE97B}.Release|Any CPU.Build.0 = Release|Any CPU
	EndGlobalSection
	GlobalSection(SolutionProperties) = preSolution
		HideSolutionNode = FALSE
	EndGlobalSection
	GlobalSection(NestedProjects) = preSolution
		{39A5886B-0B69-4190-8ACE-C3D7A5A46B3C} = {03774692-FE0A-4188-A977-29A6317F5EDA}
		{564B422F-3960-4D90-8A67-A03FCD9E2196} = {E0C87CF7-AF38-4263-87DB-FC0C9BAB0FB4}
		{5C4F851E-F412-44A5-9F8F-719041D6D466} = {E0C87CF7-AF38-4263-87DB-FC0C9BAB0FB4}
		{2B75F079-83C5-447C-AACE-CF376C11A276} = {8151C900-F941-4F29-BFFB-09175F8E01F6}
		{BD3A28D0-21F7-4378-B0B7-319D7DCE0BA5} = {4E6924FF-0894-44D3-8B0A-B182DD75C182}
		{12CF87D9-5B66-43FA-81D7-CCD4092DE97B} = {03774692-FE0A-4188-A977-29A6317F5EDA}
	EndGlobalSection
	GlobalSection(ExtensibilityGlobals) = postSolution
		SolutionGuid = {55889869-18B0-43D6-ACB4-0106323FDF15}
	EndGlobalSection
EndGlobal
